// !$*UTF8*$!
{
	archiveVersion = 1;
	classes = {
	};
	objectVersion = 46;
	objects = {

/* Begin PBXBuildFile section */
		4E14F6551F4A35CA00F08375 /* SceneCollectionTests.swift in Sources */ = {isa = PBXBuildFile; fileRef = 4E14F6541F4A35CA00F08375 /* SceneCollectionTests.swift */; };
		4E14F6571F4A362200F08375 /* SceneCollection.swift in Sources */ = {isa = PBXBuildFile; fileRef = 4E14F6561F4A362200F08375 /* SceneCollection.swift */; };
		4E14F6591F4AAB4500F08375 /* SceneSequenceBuilder.swift in Sources */ = {isa = PBXBuildFile; fileRef = 4E14F6581F4AAB4500F08375 /* SceneSequenceBuilder.swift */; };
		4E5CF2841EF58D9500F03C52 /* MockFirstScene.swift in Sources */ = {isa = PBXBuildFile; fileRef = 4E5CF2801EF58D9500F03C52 /* MockFirstScene.swift */; };
		4E5CF2851EF58D9500F03C52 /* MockScenarioRequest1.swift in Sources */ = {isa = PBXBuildFile; fileRef = 4E5CF2811EF58D9500F03C52 /* MockScenarioRequest1.swift */; };
		4E5CF2861EF58D9500F03C52 /* MockSecondScene.swift in Sources */ = {isa = PBXBuildFile; fileRef = 4E5CF2821EF58D9500F03C52 /* MockSecondScene.swift */; };
		4E5CF2871EF58D9500F03C52 /* MockStage.swift in Sources */ = {isa = PBXBuildFile; fileRef = 4E5CF2831EF58D9500F03C52 /* MockStage.swift */; };
		4E5CF28B1EF5931B00F03C52 /* SceneSequenceTest.swift in Sources */ = {isa = PBXBuildFile; fileRef = 4E5CF28A1EF5931B00F03C52 /* SceneSequenceTest.swift */; };
		4E5CF28D1EF598ED00F03C52 /* MockGuide.swift in Sources */ = {isa = PBXBuildFile; fileRef = 4E5CF28C1EF598ED00F03C52 /* MockGuide.swift */; };
		4E5CF28F1EF59DDB00F03C52 /* MockScenarioRequest2.swift in Sources */ = {isa = PBXBuildFile; fileRef = 4E5CF28E1EF59DDB00F03C52 /* MockScenarioRequest2.swift */; };
		4E5CF2931EF6F98C00F03C52 /* MockScenarioRequest3.swift in Sources */ = {isa = PBXBuildFile; fileRef = 4E5CF2921EF6F98C00F03C52 /* MockScenarioRequest3.swift */; };
		4E5CF2951EF7F09000F03C52 /* ScreenHashWrapperTest.swift in Sources */ = {isa = PBXBuildFile; fileRef = 4E5CF2941EF7F09000F03C52 /* ScreenHashWrapperTest.swift */; };
		4E6E2E801F4BDB4400B342E1 /* MockTransitionRequest.swift in Sources */ = {isa = PBXBuildFile; fileRef = 4E6E2E7F1F4BDB4400B342E1 /* MockTransitionRequest.swift */; };
		4EC432F61EED720C00FF4145 /* SceneOperation.swift in Sources */ = {isa = PBXBuildFile; fileRef = 4EC432F51EED720C00FF4145 /* SceneOperation.swift */; };
		4EC4333E1EEF14AF00FF4145 /* ScenarioTest.swift in Sources */ = {isa = PBXBuildFile; fileRef = 4EC4333D1EEF14AF00FF4145 /* ScenarioTest.swift */; };
		4EC433421EEFFAA100FF4145 /* SequenceGuide.swift in Sources */ = {isa = PBXBuildFile; fileRef = 4EC433411EEFFAA000FF4145 /* SequenceGuide.swift */; };
		4EC433441EF012C400FF4145 /* TransitionProcedure.swift in Sources */ = {isa = PBXBuildFile; fileRef = 4EC433431EF012C400FF4145 /* TransitionProcedure.swift */; };
		4EC4335B1EF06F5B00FF4145 /* OperationTest.swift in Sources */ = {isa = PBXBuildFile; fileRef = 4EC4335A1EF06F5B00FF4145 /* OperationTest.swift */; };
		4ED3FEA81ED597FC004BC048 /* KabuKit.framework in Frameworks */ = {isa = PBXBuildFile; fileRef = 4ED3FE9E1ED597FC004BC048 /* KabuKit.framework */; };
		4ED3FEAD1ED597FC004BC048 /* KabuKitTests.swift in Sources */ = {isa = PBXBuildFile; fileRef = 4ED3FEAC1ED597FC004BC048 /* KabuKitTests.swift */; };
		4ED3FEAF1ED597FC004BC048 /* KabuKit.h in Headers */ = {isa = PBXBuildFile; fileRef = 4ED3FEA11ED597FC004BC048 /* KabuKit.h */; settings = {ATTRIBUTES = (Public, ); }; };
		4ED3FED01ED5989E004BC048 /* ScreenHashWrapper.swift in Sources */ = {isa = PBXBuildFile; fileRef = 4ED3FEBD1ED5989E004BC048 /* ScreenHashWrapper.swift */; };
		4ED3FED11ED5989E004BC048 /* TransitionRequest.swift in Sources */ = {isa = PBXBuildFile; fileRef = 4ED3FEBE1ED5989E004BC048 /* TransitionRequest.swift */; };
		4ED3FED21ED5989E004BC048 /* ScreenContainer.swift in Sources */ = {isa = PBXBuildFile; fileRef = 4ED3FEBF1ED5989E004BC048 /* ScreenContainer.swift */; };
		4ED3FED31ED5989E004BC048 /* Screen.swift in Sources */ = {isa = PBXBuildFile; fileRef = 4ED3FEC01ED5989E004BC048 /* Screen.swift */; };
		4ED3FED41ED5989E004BC048 /* Scenario.swift in Sources */ = {isa = PBXBuildFile; fileRef = 4ED3FEC11ED5989E004BC048 /* Scenario.swift */; };
		4ED3FED61ED5989E004BC048 /* Scene.swift in Sources */ = {isa = PBXBuildFile; fileRef = 4ED3FEC31ED5989E004BC048 /* Scene.swift */; };
		4ED3FED71ED5989E004BC048 /* SceneSequence.swift in Sources */ = {isa = PBXBuildFile; fileRef = 4ED3FEC41ED5989E004BC048 /* SceneSequence.swift */; };
		7EFB0FA91F17CAA700F596FF /* SceneTest.swift in Sources */ = {isa = PBXBuildFile; fileRef = 7EFB0FA81F17CAA700F596FF /* SceneTest.swift */; };
		7EFB0FAB1F17D48C00F596FF /* ScreenTest.swift in Sources */ = {isa = PBXBuildFile; fileRef = 7EFB0FAA1F17D48C00F596FF /* ScreenTest.swift */; };
/* End PBXBuildFile section */

/* Begin PBXContainerItemProxy section */
		4ED3FEA91ED597FC004BC048 /* PBXContainerItemProxy */ = {
			isa = PBXContainerItemProxy;
			containerPortal = 4ED3FE951ED597FC004BC048 /* Project object */;
			proxyType = 1;
			remoteGlobalIDString = 4ED3FE9D1ED597FC004BC048;
			remoteInfo = KabuKit;
		};
/* End PBXContainerItemProxy section */

/* Begin PBXFileReference section */
		330222B15BFC537DE8892BAC /* Pods_KabuKitTests.framework */ = {isa = PBXFileReference; explicitFileType = wrapper.framework; includeInIndex = 0; path = Pods_KabuKitTests.framework; sourceTree = BUILT_PRODUCTS_DIR; };
		4E14F6541F4A35CA00F08375 /* SceneCollectionTests.swift */ = {isa = PBXFileReference; fileEncoding = 4; lastKnownFileType = sourcecode.swift; path = SceneCollectionTests.swift; sourceTree = "<group>"; };
		4E14F6561F4A362200F08375 /* SceneCollection.swift */ = {isa = PBXFileReference; fileEncoding = 4; lastKnownFileType = sourcecode.swift; path = SceneCollection.swift; sourceTree = "<group>"; };
		4E14F6581F4AAB4500F08375 /* SceneSequenceBuilder.swift */ = {isa = PBXFileReference; fileEncoding = 4; lastKnownFileType = sourcecode.swift; path = SceneSequenceBuilder.swift; sourceTree = "<group>"; };
		4E5CF2801EF58D9500F03C52 /* MockFirstScene.swift */ = {isa = PBXFileReference; fileEncoding = 4; lastKnownFileType = sourcecode.swift; path = MockFirstScene.swift; sourceTree = "<group>"; };
		4E5CF2811EF58D9500F03C52 /* MockScenarioRequest1.swift */ = {isa = PBXFileReference; fileEncoding = 4; lastKnownFileType = sourcecode.swift; path = MockScenarioRequest1.swift; sourceTree = "<group>"; };
		4E5CF2821EF58D9500F03C52 /* MockSecondScene.swift */ = {isa = PBXFileReference; fileEncoding = 4; lastKnownFileType = sourcecode.swift; path = MockSecondScene.swift; sourceTree = "<group>"; };
		4E5CF2831EF58D9500F03C52 /* MockStage.swift */ = {isa = PBXFileReference; fileEncoding = 4; lastKnownFileType = sourcecode.swift; path = MockStage.swift; sourceTree = "<group>"; };
		4E5CF28A1EF5931B00F03C52 /* SceneSequenceTest.swift */ = {isa = PBXFileReference; fileEncoding = 4; lastKnownFileType = sourcecode.swift; path = SceneSequenceTest.swift; sourceTree = "<group>"; };
		4E5CF28C1EF598ED00F03C52 /* MockGuide.swift */ = {isa = PBXFileReference; fileEncoding = 4; lastKnownFileType = sourcecode.swift; path = MockGuide.swift; sourceTree = "<group>"; };
		4E5CF28E1EF59DDB00F03C52 /* MockScenarioRequest2.swift */ = {isa = PBXFileReference; fileEncoding = 4; lastKnownFileType = sourcecode.swift; path = MockScenarioRequest2.swift; sourceTree = "<group>"; };
		4E5CF2921EF6F98C00F03C52 /* MockScenarioRequest3.swift */ = {isa = PBXFileReference; fileEncoding = 4; lastKnownFileType = sourcecode.swift; path = MockScenarioRequest3.swift; sourceTree = "<group>"; };
		4E5CF2941EF7F09000F03C52 /* ScreenHashWrapperTest.swift */ = {isa = PBXFileReference; fileEncoding = 4; lastKnownFileType = sourcecode.swift; path = ScreenHashWrapperTest.swift; sourceTree = "<group>"; };
		4E6E2E7F1F4BDB4400B342E1 /* MockTransitionRequest.swift */ = {isa = PBXFileReference; fileEncoding = 4; lastKnownFileType = sourcecode.swift; path = MockTransitionRequest.swift; sourceTree = "<group>"; };
		4EC432F51EED720C00FF4145 /* SceneOperation.swift */ = {isa = PBXFileReference; fileEncoding = 4; lastKnownFileType = sourcecode.swift; path = SceneOperation.swift; sourceTree = "<group>"; };
		4EC4333D1EEF14AF00FF4145 /* ScenarioTest.swift */ = {isa = PBXFileReference; fileEncoding = 4; lastKnownFileType = sourcecode.swift; path = ScenarioTest.swift; sourceTree = "<group>"; };
		4EC433411EEFFAA000FF4145 /* SequenceGuide.swift */ = {isa = PBXFileReference; fileEncoding = 4; lastKnownFileType = sourcecode.swift; path = SequenceGuide.swift; sourceTree = "<group>"; };
		4EC433431EF012C400FF4145 /* TransitionProcedure.swift */ = {isa = PBXFileReference; fileEncoding = 4; lastKnownFileType = sourcecode.swift; path = TransitionProcedure.swift; sourceTree = "<group>"; };
		4EC4335A1EF06F5B00FF4145 /* OperationTest.swift */ = {isa = PBXFileReference; fileEncoding = 4; lastKnownFileType = sourcecode.swift; path = OperationTest.swift; sourceTree = "<group>"; };
		4ED3FE9E1ED597FC004BC048 /* KabuKit.framework */ = {isa = PBXFileReference; explicitFileType = wrapper.framework; includeInIndex = 0; path = KabuKit.framework; sourceTree = BUILT_PRODUCTS_DIR; };
		4ED3FEA11ED597FC004BC048 /* KabuKit.h */ = {isa = PBXFileReference; lastKnownFileType = sourcecode.c.h; path = KabuKit.h; sourceTree = "<group>"; };
		4ED3FEA21ED597FC004BC048 /* Info.plist */ = {isa = PBXFileReference; lastKnownFileType = text.plist.xml; path = Info.plist; sourceTree = "<group>"; };
		4ED3FEA71ED597FC004BC048 /* KabuKitTests.xctest */ = {isa = PBXFileReference; explicitFileType = wrapper.cfbundle; includeInIndex = 0; path = KabuKitTests.xctest; sourceTree = BUILT_PRODUCTS_DIR; };
		4ED3FEAC1ED597FC004BC048 /* KabuKitTests.swift */ = {isa = PBXFileReference; lastKnownFileType = sourcecode.swift; path = KabuKitTests.swift; sourceTree = "<group>"; };
		4ED3FEAE1ED597FC004BC048 /* Info.plist */ = {isa = PBXFileReference; lastKnownFileType = text.plist.xml; path = Info.plist; sourceTree = "<group>"; };
		4ED3FEBB1ED5989E004BC048 /* .gitkeep */ = {isa = PBXFileReference; fileEncoding = 4; lastKnownFileType = text; path = .gitkeep; sourceTree = "<group>"; };
		4ED3FEBD1ED5989E004BC048 /* ScreenHashWrapper.swift */ = {isa = PBXFileReference; fileEncoding = 4; lastKnownFileType = sourcecode.swift; path = ScreenHashWrapper.swift; sourceTree = "<group>"; };
		4ED3FEBE1ED5989E004BC048 /* TransitionRequest.swift */ = {isa = PBXFileReference; fileEncoding = 4; lastKnownFileType = sourcecode.swift; path = TransitionRequest.swift; sourceTree = "<group>"; };
		4ED3FEBF1ED5989E004BC048 /* ScreenContainer.swift */ = {isa = PBXFileReference; fileEncoding = 4; lastKnownFileType = sourcecode.swift; path = ScreenContainer.swift; sourceTree = "<group>"; };
		4ED3FEC01ED5989E004BC048 /* Screen.swift */ = {isa = PBXFileReference; fileEncoding = 4; lastKnownFileType = sourcecode.swift; path = Screen.swift; sourceTree = "<group>"; };
		4ED3FEC11ED5989E004BC048 /* Scenario.swift */ = {isa = PBXFileReference; fileEncoding = 4; lastKnownFileType = sourcecode.swift; path = Scenario.swift; sourceTree = "<group>"; };
		4ED3FEC31ED5989E004BC048 /* Scene.swift */ = {isa = PBXFileReference; fileEncoding = 4; lastKnownFileType = sourcecode.swift; path = Scene.swift; sourceTree = "<group>"; };
		4ED3FEC41ED5989E004BC048 /* SceneSequence.swift */ = {isa = PBXFileReference; fileEncoding = 4; lastKnownFileType = sourcecode.swift; path = SceneSequence.swift; sourceTree = "<group>"; };
		4ED3FEC71ED5989E004BC048 /* .gitkeep */ = {isa = PBXFileReference; fileEncoding = 4; lastKnownFileType = text; path = .gitkeep; sourceTree = "<group>"; };
		4ED3FECC1ED5989E004BC048 /* .gitkeep */ = {isa = PBXFileReference; fileEncoding = 4; lastKnownFileType = text; path = .gitkeep; sourceTree = "<group>"; };
		4ED3FECE1ED5989E004BC048 /* .gitkeep */ = {isa = PBXFileReference; fileEncoding = 4; lastKnownFileType = text; path = .gitkeep; sourceTree = "<group>"; };
		5740434980B01D42277BAE55 /* Pods_KabuKit.framework */ = {isa = PBXFileReference; explicitFileType = wrapper.framework; includeInIndex = 0; path = Pods_KabuKit.framework; sourceTree = BUILT_PRODUCTS_DIR; };
		7EFB0FA81F17CAA700F596FF /* SceneTest.swift */ = {isa = PBXFileReference; fileEncoding = 4; lastKnownFileType = sourcecode.swift; path = SceneTest.swift; sourceTree = "<group>"; };
		7EFB0FAA1F17D48C00F596FF /* ScreenTest.swift */ = {isa = PBXFileReference; fileEncoding = 4; lastKnownFileType = sourcecode.swift; path = ScreenTest.swift; sourceTree = "<group>"; };
/* End PBXFileReference section */

/* Begin PBXFrameworksBuildPhase section */
		4ED3FE9A1ED597FC004BC048 /* Frameworks */ = {
			isa = PBXFrameworksBuildPhase;
			buildActionMask = 2147483647;
			files = (
			);
			runOnlyForDeploymentPostprocessing = 0;
		};
		4ED3FEA41ED597FC004BC048 /* Frameworks */ = {
			isa = PBXFrameworksBuildPhase;
			buildActionMask = 2147483647;
			files = (
				4ED3FEA81ED597FC004BC048 /* KabuKit.framework in Frameworks */,
			);
			runOnlyForDeploymentPostprocessing = 0;
		};
/* End PBXFrameworksBuildPhase section */

/* Begin PBXGroup section */
		4E5CF27F1EF58D9500F03C52 /* Mock */ = {
			isa = PBXGroup;
			children = (
				4E5CF2801EF58D9500F03C52 /* MockFirstScene.swift */,
				4E5CF2811EF58D9500F03C52 /* MockScenarioRequest1.swift */,
				4E5CF2821EF58D9500F03C52 /* MockSecondScene.swift */,
				4E5CF2831EF58D9500F03C52 /* MockStage.swift */,
				4E5CF28C1EF598ED00F03C52 /* MockGuide.swift */,
				4E5CF28E1EF59DDB00F03C52 /* MockScenarioRequest2.swift */,
				4E5CF2921EF6F98C00F03C52 /* MockScenarioRequest3.swift */,
				4E6E2E7F1F4BDB4400B342E1 /* MockTransitionRequest.swift */,
			);
			path = Mock;
			sourceTree = "<group>";
		};
		4ED3FE941ED597FC004BC048 = {
			isa = PBXGroup;
			children = (
				4ED3FEA01ED597FC004BC048 /* KabuKit */,
				4ED3FEAB1ED597FC004BC048 /* KabuKitTests */,
				4ED3FE9F1ED597FC004BC048 /* Products */,
				D04D4141F06ACFC7F0985119 /* Frameworks */,
			);
			sourceTree = "<group>";
		};
		4ED3FE9F1ED597FC004BC048 /* Products */ = {
			isa = PBXGroup;
			children = (
				4ED3FE9E1ED597FC004BC048 /* KabuKit.framework */,
				4ED3FEA71ED597FC004BC048 /* KabuKitTests.xctest */,
			);
			name = Products;
			sourceTree = "<group>";
		};
		4ED3FEA01ED597FC004BC048 /* KabuKit */ = {
			isa = PBXGroup;
			children = (
				4ED3FEB81ED5989E004BC048 /* Classes */,
				4ED3FEA11ED597FC004BC048 /* KabuKit.h */,
				4ED3FEA21ED597FC004BC048 /* Info.plist */,
			);
			path = KabuKit;
			sourceTree = "<group>";
		};
		4ED3FEAB1ED597FC004BC048 /* KabuKitTests */ = {
			isa = PBXGroup;
			children = (
				4E5CF27F1EF58D9500F03C52 /* Mock */,
				4ED3FEAC1ED597FC004BC048 /* KabuKitTests.swift */,
				4ED3FEAE1ED597FC004BC048 /* Info.plist */,
				4EC4333D1EEF14AF00FF4145 /* ScenarioTest.swift */,
				4EC4335A1EF06F5B00FF4145 /* OperationTest.swift */,
				4E5CF28A1EF5931B00F03C52 /* SceneSequenceTest.swift */,
				4E5CF2941EF7F09000F03C52 /* ScreenHashWrapperTest.swift */,
				7EFB0FA81F17CAA700F596FF /* SceneTest.swift */,
				7EFB0FAA1F17D48C00F596FF /* ScreenTest.swift */,
				4E14F6541F4A35CA00F08375 /* SceneCollectionTests.swift */,
			);
			path = KabuKitTests;
			sourceTree = "<group>";
		};
		4ED3FEB81ED5989E004BC048 /* Classes */ = {
			isa = PBXGroup;
			children = (
				4ED3FEB91ED5989E004BC048 /* core */,
				4ED3FEC51ED5989E004BC048 /* ios */,
				4ED3FECA1ED5989E004BC048 /* osx */,
			);
			path = Classes;
			sourceTree = "<group>";
		};
		4ED3FEB91ED5989E004BC048 /* core */ = {
			isa = PBXGroup;
			children = (
				4ED3FEBA1ED5989E004BC048 /* Objective-C */,
				4ED3FEBC1ED5989E004BC048 /* Swift */,
			);
			path = core;
			sourceTree = "<group>";
		};
		4ED3FEBA1ED5989E004BC048 /* Objective-C */ = {
			isa = PBXGroup;
			children = (
				4ED3FEBB1ED5989E004BC048 /* .gitkeep */,
			);
			path = "Objective-C";
			sourceTree = "<group>";
		};
		4ED3FEBC1ED5989E004BC048 /* Swift */ = {
			isa = PBXGroup;
			children = (
				4ED3FEBD1ED5989E004BC048 /* ScreenHashWrapper.swift */,
				4ED3FEBE1ED5989E004BC048 /* TransitionRequest.swift */,
				4ED3FEBF1ED5989E004BC048 /* ScreenContainer.swift */,
				4ED3FEC01ED5989E004BC048 /* Screen.swift */,
				4ED3FEC11ED5989E004BC048 /* Scenario.swift */,
				4ED3FEC31ED5989E004BC048 /* Scene.swift */,
				4ED3FEC41ED5989E004BC048 /* SceneSequence.swift */,
				4EC432F51EED720C00FF4145 /* SceneOperation.swift */,
				4EC433411EEFFAA000FF4145 /* SequenceGuide.swift */,
				4EC433431EF012C400FF4145 /* TransitionProcedure.swift */,
				4E14F6561F4A362200F08375 /* SceneCollection.swift */,
				4E14F6581F4AAB4500F08375 /* SceneSequenceBuilder.swift */,
			);
			path = Swift;
			sourceTree = "<group>";
		};
		4ED3FEC51ED5989E004BC048 /* ios */ = {
			isa = PBXGroup;
			children = (
				4ED3FEC61ED5989E004BC048 /* Objective-C */,
				4ED3FEC81ED5989E004BC048 /* Swift */,
			);
			path = ios;
			sourceTree = "<group>";
		};
		4ED3FEC61ED5989E004BC048 /* Objective-C */ = {
			isa = PBXGroup;
			children = (
				4ED3FEC71ED5989E004BC048 /* .gitkeep */,
			);
			path = "Objective-C";
			sourceTree = "<group>";
		};
		4ED3FEC81ED5989E004BC048 /* Swift */ = {
			isa = PBXGroup;
			children = (
				4ED3FEC91ED5989E004BC048 /* Rx */,
			);
			path = Swift;
			sourceTree = "<group>";
		};
		4ED3FEC91ED5989E004BC048 /* Rx */ = {
			isa = PBXGroup;
			children = (
			);
			path = Rx;
			sourceTree = "<group>";
		};
		4ED3FECA1ED5989E004BC048 /* osx */ = {
			isa = PBXGroup;
			children = (
				4ED3FECB1ED5989E004BC048 /* Objective-C */,
				4ED3FECD1ED5989E004BC048 /* Swift */,
			);
			path = osx;
			sourceTree = "<group>";
		};
		4ED3FECB1ED5989E004BC048 /* Objective-C */ = {
			isa = PBXGroup;
			children = (
				4ED3FECC1ED5989E004BC048 /* .gitkeep */,
			);
			path = "Objective-C";
			sourceTree = "<group>";
		};
		4ED3FECD1ED5989E004BC048 /* Swift */ = {
			isa = PBXGroup;
			children = (
				4ED3FECE1ED5989E004BC048 /* .gitkeep */,
			);
			path = Swift;
			sourceTree = "<group>";
		};
		D04D4141F06ACFC7F0985119 /* Frameworks */ = {
			isa = PBXGroup;
			children = (
				5740434980B01D42277BAE55 /* Pods_KabuKit.framework */,
				330222B15BFC537DE8892BAC /* Pods_KabuKitTests.framework */,
			);
			name = Frameworks;
			sourceTree = "<group>";
		};
/* End PBXGroup section */

/* Begin PBXHeadersBuildPhase section */
		4ED3FE9B1ED597FC004BC048 /* Headers */ = {
			isa = PBXHeadersBuildPhase;
			buildActionMask = 2147483647;
			files = (
				4ED3FEAF1ED597FC004BC048 /* KabuKit.h in Headers */,
			);
			runOnlyForDeploymentPostprocessing = 0;
		};
/* End PBXHeadersBuildPhase section */

/* Begin PBXNativeTarget section */
		4ED3FE9D1ED597FC004BC048 /* KabuKit */ = {
			isa = PBXNativeTarget;
			buildConfigurationList = 4ED3FEB21ED597FC004BC048 /* Build configuration list for PBXNativeTarget "KabuKit" */;
			buildPhases = (
				4ED3FE991ED597FC004BC048 /* Sources */,
				4ED3FE9A1ED597FC004BC048 /* Frameworks */,
				4ED3FE9B1ED597FC004BC048 /* Headers */,
				4ED3FE9C1ED597FC004BC048 /* Resources */,
			);
			buildRules = (
			);
			dependencies = (
			);
			name = KabuKit;
			productName = KabuKit;
			productReference = 4ED3FE9E1ED597FC004BC048 /* KabuKit.framework */;
			productType = "com.apple.product-type.framework";
		};
		4ED3FEA61ED597FC004BC048 /* KabuKitTests */ = {
			isa = PBXNativeTarget;
			buildConfigurationList = 4ED3FEB51ED597FC004BC048 /* Build configuration list for PBXNativeTarget "KabuKitTests" */;
			buildPhases = (
				4ED3FEA31ED597FC004BC048 /* Sources */,
				4ED3FEA41ED597FC004BC048 /* Frameworks */,
				4ED3FEA51ED597FC004BC048 /* Resources */,
			);
			buildRules = (
			);
			dependencies = (
				4ED3FEAA1ED597FC004BC048 /* PBXTargetDependency */,
			);
			name = KabuKitTests;
			productName = KabuKitTests;
			productReference = 4ED3FEA71ED597FC004BC048 /* KabuKitTests.xctest */;
			productType = "com.apple.product-type.bundle.unit-test";
		};
/* End PBXNativeTarget section */

/* Begin PBXProject section */
		4ED3FE951ED597FC004BC048 /* Project object */ = {
			isa = PBXProject;
			attributes = {
				LastSwiftUpdateCheck = 0830;
				LastUpgradeCheck = 0830;
				ORGANIZATIONNAME = crexi;
				TargetAttributes = {
					4ED3FE9D1ED597FC004BC048 = {
						CreatedOnToolsVersion = 8.3.2;
						ProvisioningStyle = Manual;
					};
					4ED3FEA61ED597FC004BC048 = {
						CreatedOnToolsVersion = 8.3.2;
						ProvisioningStyle = Manual;
					};
				};
			};
			buildConfigurationList = 4ED3FE981ED597FC004BC048 /* Build configuration list for PBXProject "KabuKit" */;
			compatibilityVersion = "Xcode 3.2";
			developmentRegion = English;
			hasScannedForEncodings = 0;
			knownRegions = (
				English,
				en,
			);
			mainGroup = 4ED3FE941ED597FC004BC048;
			productRefGroup = 4ED3FE9F1ED597FC004BC048 /* Products */;
			projectDirPath = "";
			projectRoot = "";
			targets = (
				4ED3FE9D1ED597FC004BC048 /* KabuKit */,
				4ED3FEA61ED597FC004BC048 /* KabuKitTests */,
			);
		};
/* End PBXProject section */

/* Begin PBXResourcesBuildPhase section */
		4ED3FE9C1ED597FC004BC048 /* Resources */ = {
			isa = PBXResourcesBuildPhase;
			buildActionMask = 2147483647;
			files = (
			);
			runOnlyForDeploymentPostprocessing = 0;
		};
		4ED3FEA51ED597FC004BC048 /* Resources */ = {
			isa = PBXResourcesBuildPhase;
			buildActionMask = 2147483647;
			files = (
			);
			runOnlyForDeploymentPostprocessing = 0;
		};
/* End PBXResourcesBuildPhase section */

/* Begin PBXSourcesBuildPhase section */
		4ED3FE991ED597FC004BC048 /* Sources */ = {
			isa = PBXSourcesBuildPhase;
			buildActionMask = 2147483647;
			files = (
				4ED3FED01ED5989E004BC048 /* ScreenHashWrapper.swift in Sources */,
				4ED3FED21ED5989E004BC048 /* ScreenContainer.swift in Sources */,
				4EC432F61EED720C00FF4145 /* SceneOperation.swift in Sources */,
				4ED3FED41ED5989E004BC048 /* Scenario.swift in Sources */,
				4EC433441EF012C400FF4145 /* TransitionProcedure.swift in Sources */,
				4ED3FED61ED5989E004BC048 /* Scene.swift in Sources */,
				4ED3FED71ED5989E004BC048 /* SceneSequence.swift in Sources */,
				4E14F6571F4A362200F08375 /* SceneCollection.swift in Sources */,
				4EC433421EEFFAA100FF4145 /* SequenceGuide.swift in Sources */,
				4E14F6591F4AAB4500F08375 /* SceneSequenceBuilder.swift in Sources */,
				4ED3FED31ED5989E004BC048 /* Screen.swift in Sources */,
				4ED3FED11ED5989E004BC048 /* TransitionRequest.swift in Sources */,
			);
			runOnlyForDeploymentPostprocessing = 0;
		};
		4ED3FEA31ED597FC004BC048 /* Sources */ = {
			isa = PBXSourcesBuildPhase;
			buildActionMask = 2147483647;
			files = (
				4E5CF2871EF58D9500F03C52 /* MockStage.swift in Sources */,
				4ED3FEAD1ED597FC004BC048 /* KabuKitTests.swift in Sources */,
				4E14F6551F4A35CA00F08375 /* SceneCollectionTests.swift in Sources */,
				7EFB0FA91F17CAA700F596FF /* SceneTest.swift in Sources */,
				4E5CF2951EF7F09000F03C52 /* ScreenHashWrapperTest.swift in Sources */,
				4E5CF2851EF58D9500F03C52 /* MockScenarioRequest1.swift in Sources */,
				4E5CF28B1EF5931B00F03C52 /* SceneSequenceTest.swift in Sources */,
				4E5CF2861EF58D9500F03C52 /* MockSecondScene.swift in Sources */,
				4EC4333E1EEF14AF00FF4145 /* ScenarioTest.swift in Sources */,
				4EC4335B1EF06F5B00FF4145 /* OperationTest.swift in Sources */,
				4E5CF28D1EF598ED00F03C52 /* MockGuide.swift in Sources */,
				4E5CF2931EF6F98C00F03C52 /* MockScenarioRequest3.swift in Sources */,
				7EFB0FAB1F17D48C00F596FF /* ScreenTest.swift in Sources */,
				4E5CF28F1EF59DDB00F03C52 /* MockScenarioRequest2.swift in Sources */,
				4E5CF2841EF58D9500F03C52 /* MockFirstScene.swift in Sources */,
				4E6E2E801F4BDB4400B342E1 /* MockTransitionRequest.swift in Sources */,
			);
			runOnlyForDeploymentPostprocessing = 0;
		};
/* End PBXSourcesBuildPhase section */

/* Begin PBXTargetDependency section */
		4ED3FEAA1ED597FC004BC048 /* PBXTargetDependency */ = {
			isa = PBXTargetDependency;
			target = 4ED3FE9D1ED597FC004BC048 /* KabuKit */;
			targetProxy = 4ED3FEA91ED597FC004BC048 /* PBXContainerItemProxy */;
		};
/* End PBXTargetDependency section */

/* Begin XCBuildConfiguration section */
		4ED3FEB01ED597FC004BC048 /* Debug */ = {
			isa = XCBuildConfiguration;
			buildSettings = {
				ALWAYS_SEARCH_USER_PATHS = NO;
				CLANG_ANALYZER_NONNULL = YES;
				CLANG_ANALYZER_NUMBER_OBJECT_CONVERSION = YES_AGGRESSIVE;
				CLANG_CXX_LANGUAGE_STANDARD = "gnu++0x";
				CLANG_CXX_LIBRARY = "libc++";
				CLANG_ENABLE_MODULES = YES;
				CLANG_ENABLE_OBJC_ARC = YES;
				CLANG_WARN_BOOL_CONVERSION = YES;
				CLANG_WARN_CONSTANT_CONVERSION = YES;
				CLANG_WARN_DIRECT_OBJC_ISA_USAGE = YES_ERROR;
				CLANG_WARN_DOCUMENTATION_COMMENTS = YES;
				CLANG_WARN_EMPTY_BODY = YES;
				CLANG_WARN_ENUM_CONVERSION = YES;
				CLANG_WARN_INFINITE_RECURSION = YES;
				CLANG_WARN_INT_CONVERSION = YES;
				CLANG_WARN_OBJC_ROOT_CLASS = YES_ERROR;
				CLANG_WARN_SUSPICIOUS_MOVE = YES;
				CLANG_WARN_UNREACHABLE_CODE = YES;
				CLANG_WARN__DUPLICATE_METHOD_MATCH = YES;
				"CODE_SIGN_IDENTITY[sdk=iphoneos*]" = "iPhone Developer";
				COPY_PHASE_STRIP = NO;
				CURRENT_PROJECT_VERSION = 1;
				DEBUG_INFORMATION_FORMAT = dwarf;
				ENABLE_STRICT_OBJC_MSGSEND = YES;
				ENABLE_TESTABILITY = YES;
				GCC_C_LANGUAGE_STANDARD = gnu99;
				GCC_DYNAMIC_NO_PIC = NO;
				GCC_NO_COMMON_BLOCKS = YES;
				GCC_OPTIMIZATION_LEVEL = 0;
				GCC_PREPROCESSOR_DEFINITIONS = (
					"DEBUG=1",
					"$(inherited)",
				);
				GCC_WARN_64_TO_32_BIT_CONVERSION = YES;
				GCC_WARN_ABOUT_RETURN_TYPE = YES_ERROR;
				GCC_WARN_UNDECLARED_SELECTOR = YES;
				GCC_WARN_UNINITIALIZED_AUTOS = YES_AGGRESSIVE;
				GCC_WARN_UNUSED_FUNCTION = YES;
				GCC_WARN_UNUSED_VARIABLE = YES;
				IPHONEOS_DEPLOYMENT_TARGET = 10.3;
				MTL_ENABLE_DEBUG_INFO = YES;
				ONLY_ACTIVE_ARCH = YES;
				SDKROOT = iphoneos;
				SWIFT_ACTIVE_COMPILATION_CONDITIONS = DEBUG;
				SWIFT_OPTIMIZATION_LEVEL = "-Onone";
				TARGETED_DEVICE_FAMILY = "1,2";
				VERSIONING_SYSTEM = "apple-generic";
				VERSION_INFO_PREFIX = "";
			};
			name = Debug;
		};
		4ED3FEB11ED597FC004BC048 /* Release */ = {
			isa = XCBuildConfiguration;
			buildSettings = {
				ALWAYS_SEARCH_USER_PATHS = NO;
				CLANG_ANALYZER_NONNULL = YES;
				CLANG_ANALYZER_NUMBER_OBJECT_CONVERSION = YES_AGGRESSIVE;
				CLANG_CXX_LANGUAGE_STANDARD = "gnu++0x";
				CLANG_CXX_LIBRARY = "libc++";
				CLANG_ENABLE_MODULES = YES;
				CLANG_ENABLE_OBJC_ARC = YES;
				CLANG_WARN_BOOL_CONVERSION = YES;
				CLANG_WARN_CONSTANT_CONVERSION = YES;
				CLANG_WARN_DIRECT_OBJC_ISA_USAGE = YES_ERROR;
				CLANG_WARN_DOCUMENTATION_COMMENTS = YES;
				CLANG_WARN_EMPTY_BODY = YES;
				CLANG_WARN_ENUM_CONVERSION = YES;
				CLANG_WARN_INFINITE_RECURSION = YES;
				CLANG_WARN_INT_CONVERSION = YES;
				CLANG_WARN_OBJC_ROOT_CLASS = YES_ERROR;
				CLANG_WARN_SUSPICIOUS_MOVE = YES;
				CLANG_WARN_UNREACHABLE_CODE = YES;
				CLANG_WARN__DUPLICATE_METHOD_MATCH = YES;
				"CODE_SIGN_IDENTITY[sdk=iphoneos*]" = "iPhone Developer";
				COPY_PHASE_STRIP = NO;
				CURRENT_PROJECT_VERSION = 1;
				DEBUG_INFORMATION_FORMAT = "dwarf-with-dsym";
				ENABLE_NS_ASSERTIONS = NO;
				ENABLE_STRICT_OBJC_MSGSEND = YES;
				GCC_C_LANGUAGE_STANDARD = gnu99;
				GCC_NO_COMMON_BLOCKS = YES;
				GCC_WARN_64_TO_32_BIT_CONVERSION = YES;
				GCC_WARN_ABOUT_RETURN_TYPE = YES_ERROR;
				GCC_WARN_UNDECLARED_SELECTOR = YES;
				GCC_WARN_UNINITIALIZED_AUTOS = YES_AGGRESSIVE;
				GCC_WARN_UNUSED_FUNCTION = YES;
				GCC_WARN_UNUSED_VARIABLE = YES;
				IPHONEOS_DEPLOYMENT_TARGET = 10.3;
				MTL_ENABLE_DEBUG_INFO = NO;
				SDKROOT = iphoneos;
				SWIFT_OPTIMIZATION_LEVEL = "-Owholemodule";
				TARGETED_DEVICE_FAMILY = "1,2";
				VALIDATE_PRODUCT = YES;
				VERSIONING_SYSTEM = "apple-generic";
				VERSION_INFO_PREFIX = "";
			};
			name = Release;
		};
		4ED3FEB31ED597FC004BC048 /* Debug */ = {
			isa = XCBuildConfiguration;
			buildSettings = {
				CODE_SIGN_IDENTITY = "";
				DEFINES_MODULE = YES;
				DEVELOPMENT_TEAM = "";
				DYLIB_COMPATIBILITY_VERSION = 1;
				DYLIB_CURRENT_VERSION = 1;
				DYLIB_INSTALL_NAME_BASE = "@rpath";
				INFOPLIST_FILE = KabuKit/Info.plist;
				INSTALL_PATH = "$(LOCAL_LIBRARY_DIR)/Frameworks";
				LD_RUNPATH_SEARCH_PATHS = "$(inherited) @executable_path/Frameworks @loader_path/Frameworks";
				PRODUCT_BUNDLE_IDENTIFIER = st.crexi.KabuKit;
				PRODUCT_NAME = "$(TARGET_NAME)";
				PROVISIONING_PROFILE_SPECIFIER = "";
				SKIP_INSTALL = YES;
				SWIFT_VERSION = 5.0;
			};
			name = Debug;
		};
		4ED3FEB41ED597FC004BC048 /* Release */ = {
			isa = XCBuildConfiguration;
			buildSettings = {
				CODE_SIGN_IDENTITY = "";
				DEFINES_MODULE = YES;
				DEVELOPMENT_TEAM = "";
				DYLIB_COMPATIBILITY_VERSION = 1;
				DYLIB_CURRENT_VERSION = 1;
				DYLIB_INSTALL_NAME_BASE = "@rpath";
				INFOPLIST_FILE = KabuKit/Info.plist;
				INSTALL_PATH = "$(LOCAL_LIBRARY_DIR)/Frameworks";
				LD_RUNPATH_SEARCH_PATHS = "$(inherited) @executable_path/Frameworks @loader_path/Frameworks";
				PRODUCT_BUNDLE_IDENTIFIER = st.crexi.KabuKit;
				PRODUCT_NAME = "$(TARGET_NAME)";
				PROVISIONING_PROFILE_SPECIFIER = "";
				SKIP_INSTALL = YES;
				SWIFT_VERSION = 5.0;
			};
			name = Release;
		};
		4ED3FEB61ED597FC004BC048 /* Debug */ = {
			isa = XCBuildConfiguration;
			buildSettings = {
				ALWAYS_EMBED_SWIFT_STANDARD_LIBRARIES = YES;
				DEVELOPMENT_TEAM = "";
				INFOPLIST_FILE = KabuKitTests/Info.plist;
				LD_RUNPATH_SEARCH_PATHS = "$(inherited) @executable_path/Frameworks @loader_path/Frameworks";
				PRODUCT_BUNDLE_IDENTIFIER = st.crexi.KabuKitTests;
				PRODUCT_NAME = "$(TARGET_NAME)";
				PROVISIONING_PROFILE_SPECIFIER = "";
				SWIFT_VERSION = 3.0;
			};
			name = Debug;
		};
		4ED3FEB71ED597FC004BC048 /* Release */ = {
			isa = XCBuildConfiguration;
			buildSettings = {
				ALWAYS_EMBED_SWIFT_STANDARD_LIBRARIES = YES;
				DEVELOPMENT_TEAM = "";
				INFOPLIST_FILE = KabuKitTests/Info.plist;
				LD_RUNPATH_SEARCH_PATHS = "$(inherited) @executable_path/Frameworks @loader_path/Frameworks";
				PRODUCT_BUNDLE_IDENTIFIER = st.crexi.KabuKitTests;
				PRODUCT_NAME = "$(TARGET_NAME)";
				PROVISIONING_PROFILE_SPECIFIER = "";
				SWIFT_VERSION = 3.0;
			};
			name = Release;
		};
/* End XCBuildConfiguration section */

/* Begin XCConfigurationList section */
		4ED3FE981ED597FC004BC048 /* Build configuration list for PBXProject "KabuKit" */ = {
			isa = XCConfigurationList;
			buildConfigurations = (
				4ED3FEB01ED597FC004BC048 /* Debug */,
				4ED3FEB11ED597FC004BC048 /* Release */,
			);
			defaultConfigurationIsVisible = 0;
			defaultConfigurationName = Release;
		};
		4ED3FEB21ED597FC004BC048 /* Build configuration list for PBXNativeTarget "KabuKit" */ = {
			isa = XCConfigurationList;
			buildConfigurations = (
				4ED3FEB31ED597FC004BC048 /* Debug */,
				4ED3FEB41ED597FC004BC048 /* Release */,
			);
			defaultConfigurationIsVisible = 0;
			defaultConfigurationName = Release;
		};
		4ED3FEB51ED597FC004BC048 /* Build configuration list for PBXNativeTarget "KabuKitTests" */ = {
			isa = XCConfigurationList;
			buildConfigurations = (
				4ED3FEB61ED597FC004BC048 /* Debug */,
				4ED3FEB71ED597FC004BC048 /* Release */,
			);
			defaultConfigurationIsVisible = 0;
			defaultConfigurationName = Release;
		};
/* End XCConfigurationList section */
	};
	rootObject = 4ED3FE951ED597FC004BC048 /* Project object */;
}
