// !$*UTF8*$!
{
	archiveVersion = 1;
	classes = {
	};
	objectVersion = 46;
	objects = {

/* Begin PBXBuildFile section */
		09E24D1A069F29E2030AF3F6 /* Pods_Sample2.framework in Frameworks */ = {isa = PBXBuildFile; fileRef = 21C615BF782FA815F1751852 /* Pods_Sample2.framework */; };
		27ECA02028E2CCE9C651C5F2 /* Pods_Sample1.framework in Frameworks */ = {isa = PBXBuildFile; fileRef = 65CAC10E704BAFDEF9AC0669 /* Pods_Sample1.framework */; };
		4E70841B1DE6CAF40072F7EE /* Sample1AViewController.swift in Sources */ = {isa = PBXBuildFile; fileRef = 4E7084191DE6CAF40072F7EE /* Sample1AViewController.swift */; };
		4E70841F1DE6CB1B0072F7EE /* Sample1BViewController.swift in Sources */ = {isa = PBXBuildFile; fileRef = 4E70841D1DE6CB1B0072F7EE /* Sample1BViewController.swift */; };
		4E7084331DE6E3290072F7EE /* Sample1AViewController.xib in Resources */ = {isa = PBXBuildFile; fileRef = 4E7084311DE6E3290072F7EE /* Sample1AViewController.xib */; };
		4E7084341DE6E3290072F7EE /* Sample1BViewController.xib in Resources */ = {isa = PBXBuildFile; fileRef = 4E7084321DE6E3290072F7EE /* Sample1BViewController.xib */; };
		4E7084391DE6E3A60072F7EE /* Sample1AScene.swift in Sources */ = {isa = PBXBuildFile; fileRef = 4E7084361DE6E3A60072F7EE /* Sample1AScene.swift */; };
		4E70843A1DE6E3A60072F7EE /* Sample1BScene.swift in Sources */ = {isa = PBXBuildFile; fileRef = 4E7084381DE6E3A60072F7EE /* Sample1BScene.swift */; };
		4E70843C1DE6E3B80072F7EE /* Sample1AAction.swift in Sources */ = {isa = PBXBuildFile; fileRef = 4E70843B1DE6E3B80072F7EE /* Sample1AAction.swift */; };
		4E9FC2151DE730CD0009649D /* Sample1BAction.swift in Sources */ = {isa = PBXBuildFile; fileRef = 4E9FC2141DE730CD0009649D /* Sample1BAction.swift */; };
		4E9FC21D1DE733F20009649D /* AppDelegate.swift in Sources */ = {isa = PBXBuildFile; fileRef = 4E9FC21C1DE733F20009649D /* AppDelegate.swift */; };
		4E9FC2241DE733F20009649D /* Assets.xcassets in Resources */ = {isa = PBXBuildFile; fileRef = 4E9FC2231DE733F20009649D /* Assets.xcassets */; };
		4E9FC2271DE733F20009649D /* LaunchScreen.storyboard in Resources */ = {isa = PBXBuildFile; fileRef = 4E9FC2251DE733F20009649D /* LaunchScreen.storyboard */; };
		4E9FC2301DE735F50009649D /* Sample2AViewController.swift in Sources */ = {isa = PBXBuildFile; fileRef = 4E9FC22E1DE735F50009649D /* Sample2AViewController.swift */; };
		4E9FC2311DE735F50009649D /* Sample2AViewController.xib in Resources */ = {isa = PBXBuildFile; fileRef = 4E9FC22F1DE735F50009649D /* Sample2AViewController.xib */; };
		4E9FC2341DE736870009649D /* Sample2BViewController.swift in Sources */ = {isa = PBXBuildFile; fileRef = 4E9FC2321DE736870009649D /* Sample2BViewController.swift */; };
		4E9FC2351DE736870009649D /* Sample2BViewController.xib in Resources */ = {isa = PBXBuildFile; fileRef = 4E9FC2331DE736870009649D /* Sample2BViewController.xib */; };
		4E9FC2381DE737110009649D /* Sample2ViewController.swift in Sources */ = {isa = PBXBuildFile; fileRef = 4E9FC2361DE737110009649D /* Sample2ViewController.swift */; };
		4E9FC2391DE737110009649D /* Sample2ViewController.xib in Resources */ = {isa = PBXBuildFile; fileRef = 4E9FC2371DE737110009649D /* Sample2ViewController.xib */; };
		4E9FC23B1DE755A50009649D /* Sample2Scenario.swift in Sources */ = {isa = PBXBuildFile; fileRef = 4E9FC23A1DE755A50009649D /* Sample2Scenario.swift */; };
		4E9FC2411DE75EC80009649D /* Sample2AScene.swift in Sources */ = {isa = PBXBuildFile; fileRef = 4E9FC23F1DE75EC80009649D /* Sample2AScene.swift */; };
		4E9FC2431DE75F0F0009649D /* Sample2BScene.swift in Sources */ = {isa = PBXBuildFile; fileRef = 4E9FC2421DE75F0F0009649D /* Sample2BScene.swift */; };
		4E9FC2461DE767F80009649D /* Sample2Scene.swift in Sources */ = {isa = PBXBuildFile; fileRef = 4E9FC2451DE767F80009649D /* Sample2Scene.swift */; };
		4E9FC2481DE76C120009649D /* Sample2Action.swift in Sources */ = {isa = PBXBuildFile; fileRef = 4E9FC2471DE76C120009649D /* Sample2Action.swift */; };
		4EF5CD251DE30BFC00683D1E /* AppDelegate.swift in Sources */ = {isa = PBXBuildFile; fileRef = 4EF5CD241DE30BFC00683D1E /* AppDelegate.swift */; };
		4EF5CD2C1DE30BFC00683D1E /* Assets.xcassets in Resources */ = {isa = PBXBuildFile; fileRef = 4EF5CD2B1DE30BFC00683D1E /* Assets.xcassets */; };
		4EF5CD2F1DE30BFC00683D1E /* LaunchScreen.storyboard in Resources */ = {isa = PBXBuildFile; fileRef = 4EF5CD2D1DE30BFC00683D1E /* LaunchScreen.storyboard */; };
/* End PBXBuildFile section */

/* Begin PBXFileReference section */
		201706C5FED9D83C6BAB85C3 /* Pods-Sample2.debug.xcconfig */ = {isa = PBXFileReference; includeInIndex = 1; lastKnownFileType = text.xcconfig; name = "Pods-Sample2.debug.xcconfig"; path = "Pods/Target Support Files/Pods-Sample2/Pods-Sample2.debug.xcconfig"; sourceTree = "<group>"; };
		21C615BF782FA815F1751852 /* Pods_Sample2.framework */ = {isa = PBXFileReference; explicitFileType = wrapper.framework; includeInIndex = 0; path = Pods_Sample2.framework; sourceTree = BUILT_PRODUCTS_DIR; };
		3A6B9E290930010B7FCA4155 /* Pods-Sample1.debug.xcconfig */ = {isa = PBXFileReference; includeInIndex = 1; lastKnownFileType = text.xcconfig; name = "Pods-Sample1.debug.xcconfig"; path = "Pods/Target Support Files/Pods-Sample1/Pods-Sample1.debug.xcconfig"; sourceTree = "<group>"; };
		4E7084191DE6CAF40072F7EE /* Sample1AViewController.swift */ = {isa = PBXFileReference; fileEncoding = 4; lastKnownFileType = sourcecode.swift; path = Sample1AViewController.swift; sourceTree = "<group>"; };
		4E70841D1DE6CB1B0072F7EE /* Sample1BViewController.swift */ = {isa = PBXFileReference; fileEncoding = 4; lastKnownFileType = sourcecode.swift; path = Sample1BViewController.swift; sourceTree = "<group>"; };
		4E7084311DE6E3290072F7EE /* Sample1AViewController.xib */ = {isa = PBXFileReference; fileEncoding = 4; lastKnownFileType = file.xib; path = Sample1AViewController.xib; sourceTree = "<group>"; };
		4E7084321DE6E3290072F7EE /* Sample1BViewController.xib */ = {isa = PBXFileReference; fileEncoding = 4; lastKnownFileType = file.xib; path = Sample1BViewController.xib; sourceTree = "<group>"; };
		4E7084361DE6E3A60072F7EE /* Sample1AScene.swift */ = {isa = PBXFileReference; fileEncoding = 4; lastKnownFileType = sourcecode.swift; path = Sample1AScene.swift; sourceTree = "<group>"; };
		4E7084381DE6E3A60072F7EE /* Sample1BScene.swift */ = {isa = PBXFileReference; fileEncoding = 4; lastKnownFileType = sourcecode.swift; path = Sample1BScene.swift; sourceTree = "<group>"; };
		4E70843B1DE6E3B80072F7EE /* Sample1AAction.swift */ = {isa = PBXFileReference; fileEncoding = 4; lastKnownFileType = sourcecode.swift; path = Sample1AAction.swift; sourceTree = "<group>"; };
		4E9FC2141DE730CD0009649D /* Sample1BAction.swift */ = {isa = PBXFileReference; fileEncoding = 4; lastKnownFileType = sourcecode.swift; path = Sample1BAction.swift; sourceTree = "<group>"; };
		4E9FC21A1DE733F20009649D /* Sample2.app */ = {isa = PBXFileReference; explicitFileType = wrapper.application; includeInIndex = 0; path = Sample2.app; sourceTree = BUILT_PRODUCTS_DIR; };
		4E9FC21C1DE733F20009649D /* AppDelegate.swift */ = {isa = PBXFileReference; lastKnownFileType = sourcecode.swift; path = AppDelegate.swift; sourceTree = "<group>"; };
		4E9FC2231DE733F20009649D /* Assets.xcassets */ = {isa = PBXFileReference; lastKnownFileType = folder.assetcatalog; path = Assets.xcassets; sourceTree = "<group>"; };
		4E9FC2261DE733F20009649D /* Base */ = {isa = PBXFileReference; lastKnownFileType = file.storyboard; name = Base; path = Base.lproj/LaunchScreen.storyboard; sourceTree = "<group>"; };
		4E9FC2281DE733F20009649D /* Info.plist */ = {isa = PBXFileReference; lastKnownFileType = text.plist.xml; path = Info.plist; sourceTree = "<group>"; };
		4E9FC22E1DE735F50009649D /* Sample2AViewController.swift */ = {isa = PBXFileReference; fileEncoding = 4; lastKnownFileType = sourcecode.swift; path = Sample2AViewController.swift; sourceTree = "<group>"; };
		4E9FC22F1DE735F50009649D /* Sample2AViewController.xib */ = {isa = PBXFileReference; fileEncoding = 4; lastKnownFileType = file.xib; path = Sample2AViewController.xib; sourceTree = "<group>"; };
		4E9FC2321DE736870009649D /* Sample2BViewController.swift */ = {isa = PBXFileReference; fileEncoding = 4; lastKnownFileType = sourcecode.swift; path = Sample2BViewController.swift; sourceTree = "<group>"; };
		4E9FC2331DE736870009649D /* Sample2BViewController.xib */ = {isa = PBXFileReference; fileEncoding = 4; lastKnownFileType = file.xib; path = Sample2BViewController.xib; sourceTree = "<group>"; };
		4E9FC2361DE737110009649D /* Sample2ViewController.swift */ = {isa = PBXFileReference; fileEncoding = 4; lastKnownFileType = sourcecode.swift; path = Sample2ViewController.swift; sourceTree = "<group>"; };
		4E9FC2371DE737110009649D /* Sample2ViewController.xib */ = {isa = PBXFileReference; fileEncoding = 4; lastKnownFileType = file.xib; path = Sample2ViewController.xib; sourceTree = "<group>"; };
		4E9FC23A1DE755A50009649D /* Sample2Scenario.swift */ = {isa = PBXFileReference; fileEncoding = 4; lastKnownFileType = sourcecode.swift; path = Sample2Scenario.swift; sourceTree = "<group>"; };
		4E9FC23F1DE75EC80009649D /* Sample2AScene.swift */ = {isa = PBXFileReference; fileEncoding = 4; lastKnownFileType = sourcecode.swift; path = Sample2AScene.swift; sourceTree = "<group>"; };
		4E9FC2421DE75F0F0009649D /* Sample2BScene.swift */ = {isa = PBXFileReference; fileEncoding = 4; lastKnownFileType = sourcecode.swift; path = Sample2BScene.swift; sourceTree = "<group>"; };
		4E9FC2451DE767F80009649D /* Sample2Scene.swift */ = {isa = PBXFileReference; fileEncoding = 4; lastKnownFileType = sourcecode.swift; path = Sample2Scene.swift; sourceTree = "<group>"; };
		4E9FC2471DE76C120009649D /* Sample2Action.swift */ = {isa = PBXFileReference; fileEncoding = 4; lastKnownFileType = sourcecode.swift; path = Sample2Action.swift; sourceTree = "<group>"; };
		4EF5CD221DE30BFC00683D1E /* Sample1.app */ = {isa = PBXFileReference; explicitFileType = wrapper.application; includeInIndex = 0; path = Sample1.app; sourceTree = BUILT_PRODUCTS_DIR; };
		4EF5CD241DE30BFC00683D1E /* AppDelegate.swift */ = {isa = PBXFileReference; lastKnownFileType = sourcecode.swift; path = AppDelegate.swift; sourceTree = "<group>"; };
		4EF5CD2B1DE30BFC00683D1E /* Assets.xcassets */ = {isa = PBXFileReference; lastKnownFileType = folder.assetcatalog; path = Assets.xcassets; sourceTree = "<group>"; };
		4EF5CD2E1DE30BFC00683D1E /* Base */ = {isa = PBXFileReference; lastKnownFileType = file.storyboard; name = Base; path = Base.lproj/LaunchScreen.storyboard; sourceTree = "<group>"; };
		4EF5CD301DE30BFC00683D1E /* Info.plist */ = {isa = PBXFileReference; lastKnownFileType = text.plist.xml; path = Info.plist; sourceTree = "<group>"; };
		4EFFC33D1DE4C5B7006B1587 /* Sample.playground */ = {isa = PBXFileReference; lastKnownFileType = file.playground; path = Sample.playground; sourceTree = "<group>"; };
		5EAB2736D63923404EA841AE /* Pods-Sample2.release.xcconfig */ = {isa = PBXFileReference; includeInIndex = 1; lastKnownFileType = text.xcconfig; name = "Pods-Sample2.release.xcconfig"; path = "Pods/Target Support Files/Pods-Sample2/Pods-Sample2.release.xcconfig"; sourceTree = "<group>"; };
		65CAC10E704BAFDEF9AC0669 /* Pods_Sample1.framework */ = {isa = PBXFileReference; explicitFileType = wrapper.framework; includeInIndex = 0; path = Pods_Sample1.framework; sourceTree = BUILT_PRODUCTS_DIR; };
		7F72DEAA75A4486F39313FEE /* Pods-Sample1.release.xcconfig */ = {isa = PBXFileReference; includeInIndex = 1; lastKnownFileType = text.xcconfig; name = "Pods-Sample1.release.xcconfig"; path = "Pods/Target Support Files/Pods-Sample1/Pods-Sample1.release.xcconfig"; sourceTree = "<group>"; };
/* End PBXFileReference section */

/* Begin PBXFrameworksBuildPhase section */
		4E9FC2171DE733F20009649D /* Frameworks */ = {
			isa = PBXFrameworksBuildPhase;
			buildActionMask = 2147483647;
			files = (
				09E24D1A069F29E2030AF3F6 /* Pods_Sample2.framework in Frameworks */,
			);
			runOnlyForDeploymentPostprocessing = 0;
		};
		4EF5CD1F1DE30BFC00683D1E /* Frameworks */ = {
			isa = PBXFrameworksBuildPhase;
			buildActionMask = 2147483647;
			files = (
				27ECA02028E2CCE9C651C5F2 /* Pods_Sample1.framework in Frameworks */,
			);
			runOnlyForDeploymentPostprocessing = 0;
		};
/* End PBXFrameworksBuildPhase section */

/* Begin PBXGroup section */
		13228E75BE9BBA44CFF3DDB9 /* Pods */ = {
			isa = PBXGroup;
			children = (
				3A6B9E290930010B7FCA4155 /* Pods-Sample1.debug.xcconfig */,
				7F72DEAA75A4486F39313FEE /* Pods-Sample1.release.xcconfig */,
				201706C5FED9D83C6BAB85C3 /* Pods-Sample2.debug.xcconfig */,
				5EAB2736D63923404EA841AE /* Pods-Sample2.release.xcconfig */,
			);
			name = Pods;
			sourceTree = "<group>";
		};
		4E70842B1DE6E2C90072F7EE /* ViewControllers */ = {
			isa = PBXGroup;
			children = (
				4E7084311DE6E3290072F7EE /* Sample1AViewController.xib */,
				4E7084321DE6E3290072F7EE /* Sample1BViewController.xib */,
				4E7084191DE6CAF40072F7EE /* Sample1AViewController.swift */,
				4E70841D1DE6CB1B0072F7EE /* Sample1BViewController.swift */,
			);
			path = ViewControllers;
			sourceTree = "<group>";
		};
		4E70842C1DE6E3210072F7EE /* Scenes */ = {
			isa = PBXGroup;
			children = (
				4E7084351DE6E3A60072F7EE /* Sample1A */,
				4E7084371DE6E3A60072F7EE /* Sample1B */,
			);
			path = Scenes;
			sourceTree = "<group>";
		};
		4E7084351DE6E3A60072F7EE /* Sample1A */ = {
			isa = PBXGroup;
			children = (
				4E7084361DE6E3A60072F7EE /* Sample1AScene.swift */,
				4E70843B1DE6E3B80072F7EE /* Sample1AAction.swift */,
			);
			path = Sample1A;
			sourceTree = "<group>";
		};
		4E7084371DE6E3A60072F7EE /* Sample1B */ = {
			isa = PBXGroup;
			children = (
				4E7084381DE6E3A60072F7EE /* Sample1BScene.swift */,
				4E9FC2141DE730CD0009649D /* Sample1BAction.swift */,
			);
			path = Sample1B;
			sourceTree = "<group>";
		};
		4E9FC21B1DE733F20009649D /* Sample2 */ = {
			isa = PBXGroup;
			children = (
				4E9FC21C1DE733F20009649D /* AppDelegate.swift */,
				4E9FC23A1DE755A50009649D /* Sample2Scenario.swift */,
				4E9FC22C1DE735160009649D /* Scenes */,
				4E9FC22D1DE735160009649D /* ViewControllers */,
				4E9FC2231DE733F20009649D /* Assets.xcassets */,
				4E9FC2251DE733F20009649D /* LaunchScreen.storyboard */,
				4E9FC2281DE733F20009649D /* Info.plist */,
			);
			path = Sample2;
			sourceTree = "<group>";
		};
		4E9FC22C1DE735160009649D /* Scenes */ = {
			isa = PBXGroup;
			children = (
				4E9FC2441DE767D60009649D /* Sample2 */,
				4E9FC23E1DE75EC80009649D /* Sample2A */,
				4E9FC2401DE75EC80009649D /* Sample2B */,
			);
			path = Scenes;
			sourceTree = "<group>";
		};
		4E9FC22D1DE735160009649D /* ViewControllers */ = {
			isa = PBXGroup;
			children = (
				4E9FC2361DE737110009649D /* Sample2ViewController.swift */,
				4E9FC2371DE737110009649D /* Sample2ViewController.xib */,
				4E9FC22E1DE735F50009649D /* Sample2AViewController.swift */,
				4E9FC22F1DE735F50009649D /* Sample2AViewController.xib */,
				4E9FC2321DE736870009649D /* Sample2BViewController.swift */,
				4E9FC2331DE736870009649D /* Sample2BViewController.xib */,
			);
			path = ViewControllers;
			sourceTree = "<group>";
		};
		4E9FC23E1DE75EC80009649D /* Sample2A */ = {
			isa = PBXGroup;
			children = (
				4E9FC23F1DE75EC80009649D /* Sample2AScene.swift */,
			);
			path = Sample2A;
			sourceTree = "<group>";
		};
		4E9FC2401DE75EC80009649D /* Sample2B */ = {
			isa = PBXGroup;
			children = (
				4E9FC2421DE75F0F0009649D /* Sample2BScene.swift */,
			);
			path = Sample2B;
			sourceTree = "<group>";
		};
		4E9FC2441DE767D60009649D /* Sample2 */ = {
			isa = PBXGroup;
			children = (
				4E9FC2451DE767F80009649D /* Sample2Scene.swift */,
				4E9FC2471DE76C120009649D /* Sample2Action.swift */,
			);
			path = Sample2;
			sourceTree = "<group>";
		};
		4EF5CD001DE30AF600683D1E = {
			isa = PBXGroup;
			children = (
				4EF5CD231DE30BFC00683D1E /* Sample1 */,
				4E9FC21B1DE733F20009649D /* Sample2 */,
				4EF5CD0A1DE30AF600683D1E /* Products */,
				13228E75BE9BBA44CFF3DDB9 /* Pods */,
				7F590941D2605F6AA6224955 /* Frameworks */,
			);
			sourceTree = "<group>";
		};
		4EF5CD0A1DE30AF600683D1E /* Products */ = {
			isa = PBXGroup;
			children = (
				4EF5CD221DE30BFC00683D1E /* Sample1.app */,
				4E9FC21A1DE733F20009649D /* Sample2.app */,
			);
			name = Products;
			sourceTree = "<group>";
		};
		4EF5CD231DE30BFC00683D1E /* Sample1 */ = {
			isa = PBXGroup;
			children = (
				4EF5CD241DE30BFC00683D1E /* AppDelegate.swift */,
				4E70842C1DE6E3210072F7EE /* Scenes */,
				4E70842B1DE6E2C90072F7EE /* ViewControllers */,
				4EF5CD2B1DE30BFC00683D1E /* Assets.xcassets */,
				4EF5CD2D1DE30BFC00683D1E /* LaunchScreen.storyboard */,
				4EF5CD301DE30BFC00683D1E /* Info.plist */,
				4EFFC33D1DE4C5B7006B1587 /* Sample.playground */,
			);
			path = Sample1;
			sourceTree = "<group>";
		};
		7F590941D2605F6AA6224955 /* Frameworks */ = {
			isa = PBXGroup;
			children = (
				65CAC10E704BAFDEF9AC0669 /* Pods_Sample1.framework */,
				21C615BF782FA815F1751852 /* Pods_Sample2.framework */,
			);
			name = Frameworks;
			sourceTree = "<group>";
		};
/* End PBXGroup section */

/* Begin PBXNativeTarget section */
		4E9FC2191DE733F20009649D /* Sample2 */ = {
			isa = PBXNativeTarget;
			buildConfigurationList = 4E9FC22B1DE733F20009649D /* Build configuration list for PBXNativeTarget "Sample2" */;
			buildPhases = (
				759DA0A5B8A5FB4BF09CF187 /* [CP] Check Pods Manifest.lock */,
				4E9FC2161DE733F20009649D /* Sources */,
				4E9FC2171DE733F20009649D /* Frameworks */,
				4E9FC2181DE733F20009649D /* Resources */,
				889CDF3CC975A5A02D657934 /* [CP] Embed Pods Frameworks */,
				6B741E72A088FB088905177D /* [CP] Copy Pods Resources */,
			);
			buildRules = (
			);
			dependencies = (
			);
			name = Sample2;
			productName = Sample2;
			productReference = 4E9FC21A1DE733F20009649D /* Sample2.app */;
			productType = "com.apple.product-type.application";
		};
		4EF5CD211DE30BFC00683D1E /* Sample1 */ = {
			isa = PBXNativeTarget;
			buildConfigurationList = 4EF5CD311DE30BFC00683D1E /* Build configuration list for PBXNativeTarget "Sample1" */;
			buildPhases = (
				C1FBF1555C608DC6FB7AD4CB /* [CP] Check Pods Manifest.lock */,
				4EF5CD1E1DE30BFC00683D1E /* Sources */,
				4EF5CD1F1DE30BFC00683D1E /* Frameworks */,
				4EF5CD201DE30BFC00683D1E /* Resources */,
				81E28E01C87AA738A42EC747 /* [CP] Embed Pods Frameworks */,
				724B8252B72AA20D569707D0 /* [CP] Copy Pods Resources */,
			);
			buildRules = (
			);
			dependencies = (
			);
			name = Sample1;
			productName = Sample1;
			productReference = 4EF5CD221DE30BFC00683D1E /* Sample1.app */;
			productType = "com.apple.product-type.application";
		};
/* End PBXNativeTarget section */

/* Begin PBXProject section */
		4EF5CD011DE30AF600683D1E /* Project object */ = {
			isa = PBXProject;
			attributes = {
				LastSwiftUpdateCheck = 0800;
				LastUpgradeCheck = 0800;
				ORGANIZATIONNAME = crexista;
				TargetAttributes = {
					4E9FC2191DE733F20009649D = {
						CreatedOnToolsVersion = 8.0;
						ProvisioningStyle = Manual;
					};
					4EF5CD211DE30BFC00683D1E = {
						CreatedOnToolsVersion = 8.0;
						ProvisioningStyle = Manual;
					};
				};
			};
			buildConfigurationList = 4EF5CD041DE30AF600683D1E /* Build configuration list for PBXProject "Example" */;
			compatibilityVersion = "Xcode 3.2";
			developmentRegion = English;
			hasScannedForEncodings = 0;
			knownRegions = (
				en,
				Base,
			);
			mainGroup = 4EF5CD001DE30AF600683D1E;
			productRefGroup = 4EF5CD0A1DE30AF600683D1E /* Products */;
			projectDirPath = "";
			projectRoot = "";
			targets = (
				4EF5CD211DE30BFC00683D1E /* Sample1 */,
				4E9FC2191DE733F20009649D /* Sample2 */,
			);
		};
/* End PBXProject section */

/* Begin PBXResourcesBuildPhase section */
		4E9FC2181DE733F20009649D /* Resources */ = {
			isa = PBXResourcesBuildPhase;
			buildActionMask = 2147483647;
			files = (
				4E9FC2351DE736870009649D /* Sample2BViewController.xib in Resources */,
				4E9FC2271DE733F20009649D /* LaunchScreen.storyboard in Resources */,
				4E9FC2241DE733F20009649D /* Assets.xcassets in Resources */,
				4E9FC2391DE737110009649D /* Sample2ViewController.xib in Resources */,
				4E9FC2311DE735F50009649D /* Sample2AViewController.xib in Resources */,
			);
			runOnlyForDeploymentPostprocessing = 0;
		};
		4EF5CD201DE30BFC00683D1E /* Resources */ = {
			isa = PBXResourcesBuildPhase;
			buildActionMask = 2147483647;
			files = (
				4EF5CD2F1DE30BFC00683D1E /* LaunchScreen.storyboard in Resources */,
				4E7084331DE6E3290072F7EE /* Sample1AViewController.xib in Resources */,
				4EF5CD2C1DE30BFC00683D1E /* Assets.xcassets in Resources */,
				4E7084341DE6E3290072F7EE /* Sample1BViewController.xib in Resources */,
			);
			runOnlyForDeploymentPostprocessing = 0;
		};
/* End PBXResourcesBuildPhase section */

/* Begin PBXShellScriptBuildPhase section */
		6B741E72A088FB088905177D /* [CP] Copy Pods Resources */ = {
			isa = PBXShellScriptBuildPhase;
			buildActionMask = 2147483647;
			files = (
			);
			inputPaths = (
			);
			name = "[CP] Copy Pods Resources";
			outputPaths = (
			);
			runOnlyForDeploymentPostprocessing = 0;
			shellPath = /bin/sh;
			shellScript = "\"${SRCROOT}/Pods/Target Support Files/Pods-Sample2/Pods-Sample2-resources.sh\"\n";
			showEnvVarsInLog = 0;
		};
		724B8252B72AA20D569707D0 /* [CP] Copy Pods Resources */ = {
			isa = PBXShellScriptBuildPhase;
			buildActionMask = 2147483647;
			files = (
			);
			inputPaths = (
			);
			name = "[CP] Copy Pods Resources";
			outputPaths = (
			);
			runOnlyForDeploymentPostprocessing = 0;
			shellPath = /bin/sh;
			shellScript = "\"${SRCROOT}/Pods/Target Support Files/Pods-Sample1/Pods-Sample1-resources.sh\"\n";
			showEnvVarsInLog = 0;
		};
		759DA0A5B8A5FB4BF09CF187 /* [CP] Check Pods Manifest.lock */ = {
			isa = PBXShellScriptBuildPhase;
			buildActionMask = 2147483647;
			files = (
			);
			inputPaths = (
			);
			name = "[CP] Check Pods Manifest.lock";
			outputPaths = (
			);
			runOnlyForDeploymentPostprocessing = 0;
			shellPath = /bin/sh;
			shellScript = "diff \"${PODS_ROOT}/../Podfile.lock\" \"${PODS_ROOT}/Manifest.lock\" > /dev/null\nif [ $? != 0 ] ; then\n    # print error to STDERR\n    echo \"error: The sandbox is not in sync with the Podfile.lock. Run 'pod install' or update your CocoaPods installation.\" >&2\n    exit 1\nfi\n";
			showEnvVarsInLog = 0;
		};
		81E28E01C87AA738A42EC747 /* [CP] Embed Pods Frameworks */ = {
			isa = PBXShellScriptBuildPhase;
			buildActionMask = 2147483647;
			files = (
			);
			inputPaths = (
			);
			name = "[CP] Embed Pods Frameworks";
			outputPaths = (
			);
			runOnlyForDeploymentPostprocessing = 0;
			shellPath = /bin/sh;
			shellScript = "\"${SRCROOT}/Pods/Target Support Files/Pods-Sample1/Pods-Sample1-frameworks.sh\"\n";
			showEnvVarsInLog = 0;
		};
		889CDF3CC975A5A02D657934 /* [CP] Embed Pods Frameworks */ = {
			isa = PBXShellScriptBuildPhase;
			buildActionMask = 2147483647;
			files = (
			);
			inputPaths = (
			);
			name = "[CP] Embed Pods Frameworks";
			outputPaths = (
			);
			runOnlyForDeploymentPostprocessing = 0;
			shellPath = /bin/sh;
			shellScript = "\"${SRCROOT}/Pods/Target Support Files/Pods-Sample2/Pods-Sample2-frameworks.sh\"\n";
			showEnvVarsInLog = 0;
		};
		C1FBF1555C608DC6FB7AD4CB /* [CP] Check Pods Manifest.lock */ = {
			isa = PBXShellScriptBuildPhase;
			buildActionMask = 2147483647;
			files = (
			);
			inputPaths = (
			);
			name = "[CP] Check Pods Manifest.lock";
			outputPaths = (
			);
			runOnlyForDeploymentPostprocessing = 0;
			shellPath = /bin/sh;
			shellScript = "diff \"${PODS_ROOT}/../Podfile.lock\" \"${PODS_ROOT}/Manifest.lock\" > /dev/null\nif [ $? != 0 ] ; then\n    # print error to STDERR\n    echo \"error: The sandbox is not in sync with the Podfile.lock. Run 'pod install' or update your CocoaPods installation.\" >&2\n    exit 1\nfi\n";
			showEnvVarsInLog = 0;
		};
/* End PBXShellScriptBuildPhase section */

/* Begin PBXSourcesBuildPhase section */
		4E9FC2161DE733F20009649D /* Sources */ = {
			isa = PBXSourcesBuildPhase;
			buildActionMask = 2147483647;
			files = (
				4E9FC21D1DE733F20009649D /* AppDelegate.swift in Sources */,
				4E9FC2381DE737110009649D /* Sample2ViewController.swift in Sources */,
				4E9FC2481DE76C120009649D /* Sample2Action.swift in Sources */,
				4E9FC23B1DE755A50009649D /* Sample2Scenario.swift in Sources */,
				4E9FC2411DE75EC80009649D /* Sample2AScene.swift in Sources */,
				4E9FC2341DE736870009649D /* Sample2BViewController.swift in Sources */,
				4E9FC2301DE735F50009649D /* Sample2AViewController.swift in Sources */,
				4E9FC2431DE75F0F0009649D /* Sample2BScene.swift in Sources */,
				4E9FC2461DE767F80009649D /* Sample2Scene.swift in Sources */,
			);
			runOnlyForDeploymentPostprocessing = 0;
		};
		4EF5CD1E1DE30BFC00683D1E /* Sources */ = {
			isa = PBXSourcesBuildPhase;
			buildActionMask = 2147483647;
			files = (
				4E7084391DE6E3A60072F7EE /* Sample1AScene.swift in Sources */,
				4E70841B1DE6CAF40072F7EE /* Sample1AViewController.swift in Sources */,
				4E9FC2151DE730CD0009649D /* Sample1BAction.swift in Sources */,
				4E70841F1DE6CB1B0072F7EE /* Sample1BViewController.swift in Sources */,
				4EF5CD251DE30BFC00683D1E /* AppDelegate.swift in Sources */,
				4E70843A1DE6E3A60072F7EE /* Sample1BScene.swift in Sources */,
				4E70843C1DE6E3B80072F7EE /* Sample1AAction.swift in Sources */,
			);
			runOnlyForDeploymentPostprocessing = 0;
		};
/* End PBXSourcesBuildPhase section */

/* Begin PBXVariantGroup section */
		4E9FC2251DE733F20009649D /* LaunchScreen.storyboard */ = {
			isa = PBXVariantGroup;
			children = (
				4E9FC2261DE733F20009649D /* Base */,
			);
			name = LaunchScreen.storyboard;
			sourceTree = "<group>";
		};
		4EF5CD2D1DE30BFC00683D1E /* LaunchScreen.storyboard */ = {
			isa = PBXVariantGroup;
			children = (
				4EF5CD2E1DE30BFC00683D1E /* Base */,
			);
			name = LaunchScreen.storyboard;
			sourceTree = "<group>";
		};
/* End PBXVariantGroup section */

/* Begin XCBuildConfiguration section */
		4E9FC2291DE733F20009649D /* Debug */ = {
			isa = XCBuildConfiguration;
			baseConfigurationReference = 201706C5FED9D83C6BAB85C3 /* Pods-Sample2.debug.xcconfig */;
			buildSettings = {
				ASSETCATALOG_COMPILER_APPICON_NAME = AppIcon;
				DEVELOPMENT_TEAM = "";
				INFOPLIST_FILE = Sample2/Info.plist;
				LD_RUNPATH_SEARCH_PATHS = "$(inherited) @executable_path/Frameworks";
				PRODUCT_BUNDLE_IDENTIFIER = st.crexi.Sample2;
				PRODUCT_NAME = "$(TARGET_NAME)";
				SWIFT_VERSION = 3.0;
			};
			name = Debug;
		};
		4E9FC22A1DE733F20009649D /* Release */ = {
			isa = XCBuildConfiguration;
			baseConfigurationReference = 5EAB2736D63923404EA841AE /* Pods-Sample2.release.xcconfig */;
			buildSettings = {
				ASSETCATALOG_COMPILER_APPICON_NAME = AppIcon;
				DEVELOPMENT_TEAM = "";
				INFOPLIST_FILE = Sample2/Info.plist;
				LD_RUNPATH_SEARCH_PATHS = "$(inherited) @executable_path/Frameworks";
				PRODUCT_BUNDLE_IDENTIFIER = st.crexi.Sample2;
				PRODUCT_NAME = "$(TARGET_NAME)";
				SWIFT_VERSION = 3.0;
			};
			name = Release;
		};
		4EF5CD191DE30AF600683D1E /* Debug */ = {
			isa = XCBuildConfiguration;
			buildSettings = {
				ALWAYS_SEARCH_USER_PATHS = NO;
				CLANG_ANALYZER_NONNULL = YES;
				CLANG_CXX_LANGUAGE_STANDARD = "gnu++0x";
				CLANG_CXX_LIBRARY = "libc++";
				CLANG_ENABLE_MODULES = YES;
				CLANG_ENABLE_OBJC_ARC = YES;
				CLANG_WARN_BOOL_CONVERSION = YES;
				CLANG_WARN_CONSTANT_CONVERSION = YES;
				CLANG_WARN_DIRECT_OBJC_ISA_USAGE = YES_ERROR;
				CLANG_WARN_DOCUMENTATION_COMMENTS = YES;
				CLANG_WARN_EMPTY_BODY = YES;
				CLANG_WARN_ENUM_CONVERSION = YES;
				CLANG_WARN_INFINITE_RECURSION = YES;
				CLANG_WARN_INT_CONVERSION = YES;
				CLANG_WARN_OBJC_ROOT_CLASS = YES_ERROR;
				CLANG_WARN_SUSPICIOUS_MOVES = YES;
				CLANG_WARN_UNREACHABLE_CODE = YES;
				CLANG_WARN__DUPLICATE_METHOD_MATCH = YES;
				"CODE_SIGN_IDENTITY[sdk=iphoneos*]" = "iPhone Developer";
				COPY_PHASE_STRIP = NO;
				DEBUG_INFORMATION_FORMAT = dwarf;
				ENABLE_STRICT_OBJC_MSGSEND = YES;
				ENABLE_TESTABILITY = YES;
				GCC_C_LANGUAGE_STANDARD = gnu99;
				GCC_DYNAMIC_NO_PIC = NO;
				GCC_NO_COMMON_BLOCKS = YES;
				GCC_OPTIMIZATION_LEVEL = 0;
				GCC_PREPROCESSOR_DEFINITIONS = (
					"DEBUG=1",
					"$(inherited)",
				);
				GCC_WARN_64_TO_32_BIT_CONVERSION = YES;
				GCC_WARN_ABOUT_RETURN_TYPE = YES_ERROR;
				GCC_WARN_UNDECLARED_SELECTOR = YES;
				GCC_WARN_UNINITIALIZED_AUTOS = YES_AGGRESSIVE;
				GCC_WARN_UNUSED_FUNCTION = YES;
				GCC_WARN_UNUSED_VARIABLE = YES;
				IPHONEOS_DEPLOYMENT_TARGET = 10.0;
				MTL_ENABLE_DEBUG_INFO = YES;
				ONLY_ACTIVE_ARCH = YES;
				SDKROOT = iphoneos;
				SWIFT_ACTIVE_COMPILATION_CONDITIONS = DEBUG;
				SWIFT_OPTIMIZATION_LEVEL = "-Onone";
				TARGETED_DEVICE_FAMILY = "1,2";
			};
			name = Debug;
		};
		4EF5CD1A1DE30AF600683D1E /* Release */ = {
			isa = XCBuildConfiguration;
			buildSettings = {
				ALWAYS_SEARCH_USER_PATHS = NO;
				CLANG_ANALYZER_NONNULL = YES;
				CLANG_CXX_LANGUAGE_STANDARD = "gnu++0x";
				CLANG_CXX_LIBRARY = "libc++";
				CLANG_ENABLE_MODULES = YES;
				CLANG_ENABLE_OBJC_ARC = YES;
				CLANG_WARN_BOOL_CONVERSION = YES;
				CLANG_WARN_CONSTANT_CONVERSION = YES;
				CLANG_WARN_DIRECT_OBJC_ISA_USAGE = YES_ERROR;
				CLANG_WARN_DOCUMENTATION_COMMENTS = YES;
				CLANG_WARN_EMPTY_BODY = YES;
				CLANG_WARN_ENUM_CONVERSION = YES;
				CLANG_WARN_INFINITE_RECURSION = YES;
				CLANG_WARN_INT_CONVERSION = YES;
				CLANG_WARN_OBJC_ROOT_CLASS = YES_ERROR;
				CLANG_WARN_SUSPICIOUS_MOVES = YES;
				CLANG_WARN_UNREACHABLE_CODE = YES;
				CLANG_WARN__DUPLICATE_METHOD_MATCH = YES;
				"CODE_SIGN_IDENTITY[sdk=iphoneos*]" = "iPhone Developer";
				COPY_PHASE_STRIP = NO;
				DEBUG_INFORMATION_FORMAT = "dwarf-with-dsym";
				ENABLE_NS_ASSERTIONS = NO;
				ENABLE_STRICT_OBJC_MSGSEND = YES;
				GCC_C_LANGUAGE_STANDARD = gnu99;
				GCC_NO_COMMON_BLOCKS = YES;
				GCC_WARN_64_TO_32_BIT_CONVERSION = YES;
				GCC_WARN_ABOUT_RETURN_TYPE = YES_ERROR;
				GCC_WARN_UNDECLARED_SELECTOR = YES;
				GCC_WARN_UNINITIALIZED_AUTOS = YES_AGGRESSIVE;
				GCC_WARN_UNUSED_FUNCTION = YES;
				GCC_WARN_UNUSED_VARIABLE = YES;
				IPHONEOS_DEPLOYMENT_TARGET = 10.0;
				MTL_ENABLE_DEBUG_INFO = NO;
				SDKROOT = iphoneos;
				SWIFT_OPTIMIZATION_LEVEL = "-Owholemodule";
				TARGETED_DEVICE_FAMILY = "1,2";
				VALIDATE_PRODUCT = YES;
			};
			name = Release;
		};
		4EF5CD321DE30BFC00683D1E /* Debug */ = {
			isa = XCBuildConfiguration;
			baseConfigurationReference = 3A6B9E290930010B7FCA4155 /* Pods-Sample1.debug.xcconfig */;
			buildSettings = {
				ASSETCATALOG_COMPILER_APPICON_NAME = AppIcon;
				DEVELOPMENT_TEAM = "";
				INFOPLIST_FILE = Sample1/Info.plist;
				LD_RUNPATH_SEARCH_PATHS = "$(inherited) @executable_path/Frameworks";
				PRODUCT_BUNDLE_IDENTIFIER = st.crexi.Sample1;
				PRODUCT_NAME = "$(TARGET_NAME)";
				SWIFT_VERSION = 3.0;
			};
			name = Debug;
		};
		4EF5CD331DE30BFC00683D1E /* Release */ = {
			isa = XCBuildConfiguration;
			baseConfigurationReference = 7F72DEAA75A4486F39313FEE /* Pods-Sample1.release.xcconfig */;
			buildSettings = {
				ASSETCATALOG_COMPILER_APPICON_NAME = AppIcon;
				DEVELOPMENT_TEAM = "";
				INFOPLIST_FILE = Sample1/Info.plist;
				LD_RUNPATH_SEARCH_PATHS = "$(inherited) @executable_path/Frameworks";
				PRODUCT_BUNDLE_IDENTIFIER = st.crexi.Sample1;
				PRODUCT_NAME = "$(TARGET_NAME)";
				SWIFT_VERSION = 3.0;
			};
			name = Release;
		};
/* End XCBuildConfiguration section */

/* Begin XCConfigurationList section */
		4E9FC22B1DE733F20009649D /* Build configuration list for PBXNativeTarget "Sample2" */ = {
			isa = XCConfigurationList;
			buildConfigurations = (
				4E9FC2291DE733F20009649D /* Debug */,
				4E9FC22A1DE733F20009649D /* Release */,
			);
			defaultConfigurationIsVisible = 0;
			defaultConfigurationName = Release;
		};
		4EF5CD041DE30AF600683D1E /* Build configuration list for PBXProject "Example" */ = {
			isa = XCConfigurationList;
			buildConfigurations = (
				4EF5CD191DE30AF600683D1E /* Debug */,
				4EF5CD1A1DE30AF600683D1E /* Release */,
			);
			defaultConfigurationIsVisible = 0;
			defaultConfigurationName = Release;
		};
		4EF5CD311DE30BFC00683D1E /* Build configuration list for PBXNativeTarget "Sample1" */ = {
			isa = XCConfigurationList;
			buildConfigurations = (
				4EF5CD321DE30BFC00683D1E /* Debug */,
				4EF5CD331DE30BFC00683D1E /* Release */,
			);
			defaultConfigurationIsVisible = 0;
			defaultConfigurationName = Release;
		};
/* End XCConfigurationList section */
	};
	rootObject = 4EF5CD011DE30AF600683D1E /* Project object */;
}
